
Microsoft Visual Studio Solution File, Format Version 12.00
# Visual Studio 15
VisualStudioVersion = 15.0.28307.572
MinimumVisualStudioVersion = 10.0.40219.1
Project("{2150E333-8FDC-42A3-9474-1A3956D46DE8}") = "CI.Core", "CI.Core", "{F1EC32AD-C329-48BA-A11D-D9A9DDE40623}"
EndProject
Project("{2150E333-8FDC-42A3-9474-1A3956D46DE8}") = "CI.Infra", "CI.Infra", "{494B056D-C5F5-4B80-B321-EAC72B4B3ECD}"
EndProject
Project("{2150E333-8FDC-42A3-9474-1A3956D46DE8}") = "CI.Service", "CI.Service", "{D023E35B-370D-4E3D-BB20-14568ABAB455}"
EndProject
Project("{2150E333-8FDC-42A3-9474-1A3956D46DE8}") = "CI.UI", "CI.UI", "{C5390C01-71E8-4D49-98F5-2C7C30CE792F}"
EndProject
Project("{9A19103F-16F7-4668-BE54-9A1E7A4F7556}") = "CI.Infra.Data", "CI.Infra.Data\CI.Infra.Data.csproj", "{9D2D6EF5-0F1B-4C6C-9EB1-A8E5CA892173}"
EndProject
Project("{9A19103F-16F7-4668-BE54-9A1E7A4F7556}") = "CI.Core.Domain", "CI.Core.Domain\CI.Core.Domain.csproj", "{0E529AD0-7F61-4FEA-BC3C-8831D622B647}"
EndProject
Project("{9A19103F-16F7-4668-BE54-9A1E7A4F7556}") = "CI.Core.Interface", "CI.Core.Interface\CI.Core.Interface.csproj", "{C03D9751-0F6A-466F-AA22-C401DD94779B}"
EndProject
Project("{9A19103F-16F7-4668-BE54-9A1E7A4F7556}") = "CI.Services", "CI.Services\CI.Services.csproj", "{29F4C8A9-A806-4C45-997F-2471400E8483}"
EndProject
Project("{9A19103F-16F7-4668-BE54-9A1E7A4F7556}") = "CI.IServices", "CI.IServices\CI.IServices.csproj", "{14E59A86-0A50-47B0-B524-0ECC0BDA17E1}"
EndProject
Project("{9A19103F-16F7-4668-BE54-9A1E7A4F7556}") = "CI.UI.IdentityServer", "CI.UI.IdentityServer\CI.UI.IdentityServer.csproj", "{7947B567-DB95-496B-9308-35F9EB527809}"
EndProject
Global
	GlobalSection(SolutionConfigurationPlatforms) = preSolution
		Debug|Any CPU = Debug|Any CPU
		Release|Any CPU = Release|Any CPU
	EndGlobalSection
	GlobalSection(ProjectConfigurationPlatforms) = postSolution
		{9D2D6EF5-0F1B-4C6C-9EB1-A8E5CA892173}.Debug|Any CPU.ActiveCfg = Debug|Any CPU
		{9D2D6EF5-0F1B-4C6C-9EB1-A8E5CA892173}.Debug|Any CPU.Build.0 = Debug|Any CPU
		{9D2D6EF5-0F1B-4C6C-9EB1-A8E5CA892173}.Release|Any CPU.ActiveCfg = Release|Any CPU
		{9D2D6EF5-0F1B-4C6C-9EB1-A8E5CA892173}.Release|Any CPU.Build.0 = Release|Any CPU
		{0E529AD0-7F61-4FEA-BC3C-8831D622B647}.Debug|Any CPU.ActiveCfg = Debug|Any CPU
		{0E529AD0-7F61-4FEA-BC3C-8831D622B647}.Debug|Any CPU.Build.0 = Debug|Any CPU
		{0E529AD0-7F61-4FEA-BC3C-8831D622B647}.Release|Any CPU.ActiveCfg = Release|Any CPU
		{0E529AD0-7F61-4FEA-BC3C-8831D622B647}.Release|Any CPU.Build.0 = Release|Any CPU
		{C03D9751-0F6A-466F-AA22-C401DD94779B}.Debug|Any CPU.ActiveCfg = Debug|Any CPU
		{C03D9751-0F6A-466F-AA22-C401DD94779B}.Debug|Any CPU.Build.0 = Debug|Any CPU
		{C03D9751-0F6A-466F-AA22-C401DD94779B}.Release|Any CPU.ActiveCfg = Release|Any CPU
		{C03D9751-0F6A-466F-AA22-C401DD94779B}.Release|Any CPU.Build.0 = Release|Any CPU
		{29F4C8A9-A806-4C45-997F-2471400E8483}.Debug|Any CPU.ActiveCfg = Debug|Any CPU
		{29F4C8A9-A806-4C45-997F-2471400E8483}.Debug|Any CPU.Build.0 = Debug|Any CPU
		{29F4C8A9-A806-4C45-997F-2471400E8483}.Release|Any CPU.ActiveCfg = Release|Any CPU
		{29F4C8A9-A806-4C45-997F-2471400E8483}.Release|Any CPU.Build.0 = Release|Any CPU
		{14E59A86-0A50-47B0-B524-0ECC0BDA17E1}.Debug|Any CPU.ActiveCfg = Debug|Any CPU
		{14E59A86-0A50-47B0-B524-0ECC0BDA17E1}.Debug|Any CPU.Build.0 = Debug|Any CPU
		{14E59A86-0A50-47B0-B524-0ECC0BDA17E1}.Release|Any CPU.ActiveCfg = Release|Any CPU
		{14E59A86-0A50-47B0-B524-0ECC0BDA17E1}.Release|Any CPU.Build.0 = Release|Any CPU
		{7947B567-DB95-496B-9308-35F9EB527809}.Debug|Any CPU.ActiveCfg = Debug|Any CPU
		{7947B567-DB95-496B-9308-35F9EB527809}.Debug|Any CPU.Build.0 = Debug|Any CPU
		{7947B567-DB95-496B-9308-35F9EB527809}.Release|Any CPU.ActiveCfg = Release|Any CPU
		{7947B567-DB95-496B-9308-35F9EB527809}.Release|Any CPU.Build.0 = Release|Any CPU
	EndGlobalSection
	GlobalSection(SolutionProperties) = preSolution
		HideSolutionNode = FALSE
	EndGlobalSection
	GlobalSection(NestedProjects) = preSolution
		{9D2D6EF5-0F1B-4C6C-9EB1-A8E5CA892173} = {494B056D-C5F5-4B80-B321-EAC72B4B3ECD}
		{0E529AD0-7F61-4FEA-BC3C-8831D622B647} = {F1EC32AD-C329-48BA-A11D-D9A9DDE40623}
		{C03D9751-0F6A-466F-AA22-C401DD94779B} = {F1EC32AD-C329-48BA-A11D-D9A9DDE40623}
		{29F4C8A9-A806-4C45-997F-2471400E8483} = {D023E35B-370D-4E3D-BB20-14568ABAB455}
		{14E59A86-0A50-47B0-B524-0ECC0BDA17E1} = {D023E35B-370D-4E3D-BB20-14568ABAB455}
		{7947B567-DB95-496B-9308-35F9EB527809} = {C5390C01-71E8-4D49-98F5-2C7C30CE792F}
	EndGlobalSection
	GlobalSection(ExtensibilityGlobals) = postSolution
		SolutionGuid = {EE1EAC57-22D0-44C8-BAF1-BD3B9BF4B999}
	EndGlobalSection
EndGlobal
